
Microsoft Visual Studio Solution File, Format Version 12.00
# Visual Studio Version 16
VisualStudioVersion = 16.0.30621.155
MinimumVisualStudioVersion = 10.0.40219.1
Project("{FAE04EC0-301F-11D3-BF4B-00C04F79EFBC}") = "PrintManagement", "PrintManagement\PrintManagement.csproj", "{6F98EBA9-59EE-447E-A2D0-29CF24E30C5D}"
EndProject
Project("{54435603-DBB4-11D2-8724-00A0C9A8B90C}") = "InstallPrintManagement", "InstallPrintManagement\InstallPrintManagement.vdproj", "{A99DC0D6-6FCB-49C6-A6EC-A83D718C59DC}"
EndProject
Global
	GlobalSection(SolutionConfigurationPlatforms) = preSolution
		Debug|Any CPU = Debug|Any CPU
		Debug|x64 = Debug|x64
		Debug|x86 = Debug|x86
		Release|Any CPU = Release|Any CPU
		Release|x64 = Release|x64
		Release|x86 = Release|x86
	EndGlobalSection
	GlobalSection(ProjectConfigurationPlatforms) = postSolution
		{6F98EBA9-59EE-447E-A2D0-29CF24E30C5D}.Debug|Any CPU.ActiveCfg = Debug|Any CPU
		{6F98EBA9-59EE-447E-A2D0-29CF24E30C5D}.Debug|Any CPU.Build.0 = Debug|Any CPU
		{6F98EBA9-59EE-447E-A2D0-29CF24E30C5D}.Debug|x64.ActiveCfg = Debug|x64
		{6F98EBA9-59EE-447E-A2D0-29CF24E30C5D}.Debug|x64.Build.0 = Debug|x64
		{6F98EBA9-59EE-447E-A2D0-29CF24E30C5D}.Debug|x86.ActiveCfg = Debug|x86
		{6F98EBA9-59EE-447E-A2D0-29CF24E30C5D}.Debug|x86.Build.0 = Debug|x86
		{6F98EBA9-59EE-447E-A2D0-29CF24E30C5D}.Release|Any CPU.ActiveCfg = Release|Any CPU
		{6F98EBA9-59EE-447E-A2D0-29CF24E30C5D}.Release|Any CPU.Build.0 = Release|Any CPU
		{6F98EBA9-59EE-447E-A2D0-29CF24E30C5D}.Release|x64.ActiveCfg = Release|x64
		{6F98EBA9-59EE-447E-A2D0-29CF24E30C5D}.Release|x64.Build.0 = Release|x64
		{6F98EBA9-59EE-447E-A2D0-29CF24E30C5D}.Release|x86.ActiveCfg = Release|x64
		{6F98EBA9-59EE-447E-A2D0-29CF24E30C5D}.Release|x86.Build.0 = Release|x64
		{A99DC0D6-6FCB-49C6-A6EC-A83D718C59DC}.Debug|Any CPU.ActiveCfg = Debug
		{A99DC0D6-6FCB-49C6-A6EC-A83D718C59DC}.Debug|x64.ActiveCfg = Debug
		{A99DC0D6-6FCB-49C6-A6EC-A83D718C59DC}.Debug|x64.Build.0 = Debug
		{A99DC0D6-6FCB-49C6-A6EC-A83D718C59DC}.Debug|x86.ActiveCfg = Debug
		{A99DC0D6-6FCB-49C6-A6EC-A83D718C59DC}.Debug|x86.Build.0 = Debug
		{A99DC0D6-6FCB-49C6-A6EC-A83D718C59DC}.Release|Any CPU.ActiveCfg = Release
		{A99DC0D6-6FCB-49C6-A6EC-A83D718C59DC}.Release|x64.ActiveCfg = Release
		{A99DC0D6-6FCB-49C6-A6EC-A83D718C59DC}.Release|x64.Build.0 = Release
		{A99DC0D6-6FCB-49C6-A6EC-A83D718C59DC}.Release|x86.ActiveCfg = Release
		{A99DC0D6-6FCB-49C6-A6EC-A83D718C59DC}.Release|x86.Build.0 = Release
	EndGlobalSection
	GlobalSection(SolutionProperties) = preSolution
		HideSolutionNode = FALSE
	EndGlobalSection
	GlobalSection(ExtensibilityGlobals) = postSolution
		SolutionGuid = {7001995A-D620-479B-8F59-CC7D772393D9}
	EndGlobalSection
EndGlobal
